
Microsoft Visual Studio Solution File, Format Version 12.00
Project("{FAE04EC0-301F-11D3-BF4B-00C04F79EFBC}") = "WaysToIterate.Console", "WaysToIterate.Console\WaysToIterate.Console.csproj", "{4811214A-427A-4831-9593-18F6805FCF55}"
EndProject
Global
	GlobalSection(SolutionConfigurationPlatforms) = preSolution
		Debug|Any CPU = Debug|Any CPU
		Release|Any CPU = Release|Any CPU
	EndGlobalSection
	GlobalSection(ProjectConfigurationPlatforms) = postSolution
		{4811214A-427A-4831-9593-18F6805FCF55}.Debug|Any CPU.ActiveCfg = Debug|Any CPU
		{4811214A-427A-4831-9593-18F6805FCF55}.Debug|Any CPU.Build.0 = Debug|Any CPU
		{4811214A-427A-4831-9593-18F6805FCF55}.Release|Any CPU.ActiveCfg = Release|Any CPU
		{4811214A-427A-4831-9593-18F6805FCF55}.Release|Any CPU.Build.0 = Release|Any CPU
	EndGlobalSection
EndGlobal
